
Microsoft Visual Studio Solution File, Format Version 12.00
# Visual Studio Version 17
VisualStudioVersion = 17.6.33723.286
MinimumVisualStudioVersion = 10.0.40219.1
Project("{FAE04EC0-301F-11D3-BF4B-00C04F79EFBC}") = "230612_study", "230612_study\230612_study.csproj", "{5CC3F6E2-A150-411B-B36B-C267C19648A2}"
EndProject
Global
	GlobalSection(SolutionConfigurationPlatforms) = preSolution
		Debug|Any CPU = Debug|Any CPU
		Release|Any CPU = Release|Any CPU
	EndGlobalSection
	GlobalSection(ProjectConfigurationPlatforms) = postSolution
		{5CC3F6E2-A150-411B-B36B-C267C19648A2}.Debug|Any CPU.ActiveCfg = Debug|Any CPU
		{5CC3F6E2-A150-411B-B36B-C267C19648A2}.Debug|Any CPU.Build.0 = Debug|Any CPU
		{5CC3F6E2-A150-411B-B36B-C267C19648A2}.Release|Any CPU.ActiveCfg = Release|Any CPU
		{5CC3F6E2-A150-411B-B36B-C267C19648A2}.Release|Any CPU.Build.0 = Release|Any CPU
	EndGlobalSection
	GlobalSection(SolutionProperties) = preSolution
		HideSolutionNode = FALSE
	EndGlobalSection
	GlobalSection(ExtensibilityGlobals) = postSolution
		SolutionGuid = {F3182A3E-A4A3-4AFB-8B11-3322F4F40A28}
	EndGlobalSection
EndGlobal
