
Microsoft Visual Studio Solution File, Format Version 12.00
# Visual Studio Version 17
VisualStudioVersion = 17.6.33723.286
MinimumVisualStudioVersion = 10.0.40219.1
Project("{FAE04EC0-301F-11D3-BF4B-00C04F79EFBC}") = "230615_study", "230615_study.csproj", "{87B65B24-FE2C-4FC6-949F-F29CE189FDCF}"
EndProject
Global
	GlobalSection(SolutionConfigurationPlatforms) = preSolution
		Debug|Any CPU = Debug|Any CPU
		Release|Any CPU = Release|Any CPU
	EndGlobalSection
	GlobalSection(ProjectConfigurationPlatforms) = postSolution
		{87B65B24-FE2C-4FC6-949F-F29CE189FDCF}.Debug|Any CPU.ActiveCfg = Debug|Any CPU
		{87B65B24-FE2C-4FC6-949F-F29CE189FDCF}.Debug|Any CPU.Build.0 = Debug|Any CPU
		{87B65B24-FE2C-4FC6-949F-F29CE189FDCF}.Release|Any CPU.ActiveCfg = Release|Any CPU
		{87B65B24-FE2C-4FC6-949F-F29CE189FDCF}.Release|Any CPU.Build.0 = Release|Any CPU
	EndGlobalSection
	GlobalSection(SolutionProperties) = preSolution
		HideSolutionNode = FALSE
	EndGlobalSection
	GlobalSection(ExtensibilityGlobals) = postSolution
		SolutionGuid = {1D1C96CD-90C0-448D-ABBC-9D0B8BCA90B4}
	EndGlobalSection
EndGlobal
