
Microsoft Visual Studio Solution File, Format Version 12.00
# Visual Studio Version 17
VisualStudioVersion = 17.6.33723.286
MinimumVisualStudioVersion = 10.0.40219.1
Project("{FAE04EC0-301F-11D3-BF4B-00C04F79EFBC}") = "230619_study", "230619_study.csproj", "{B06BF554-D713-4F52-994B-46B02DC2928E}"
EndProject
Global
	GlobalSection(SolutionConfigurationPlatforms) = preSolution
		Debug|Any CPU = Debug|Any CPU
		Release|Any CPU = Release|Any CPU
	EndGlobalSection
	GlobalSection(ProjectConfigurationPlatforms) = postSolution
		{B06BF554-D713-4F52-994B-46B02DC2928E}.Debug|Any CPU.ActiveCfg = Debug|Any CPU
		{B06BF554-D713-4F52-994B-46B02DC2928E}.Debug|Any CPU.Build.0 = Debug|Any CPU
		{B06BF554-D713-4F52-994B-46B02DC2928E}.Release|Any CPU.ActiveCfg = Release|Any CPU
		{B06BF554-D713-4F52-994B-46B02DC2928E}.Release|Any CPU.Build.0 = Release|Any CPU
	EndGlobalSection
	GlobalSection(SolutionProperties) = preSolution
		HideSolutionNode = FALSE
	EndGlobalSection
	GlobalSection(ExtensibilityGlobals) = postSolution
		SolutionGuid = {E719D50C-4127-4E78-8490-875124022659}
	EndGlobalSection
EndGlobal
