
Microsoft Visual Studio Solution File, Format Version 12.00
# Visual Studio Version 17
VisualStudioVersion = 17.6.33723.286
MinimumVisualStudioVersion = 10.0.40219.1
Project("{FAE04EC0-301F-11D3-BF4B-00C04F79EFBC}") = "230621_study", "230621_study.csproj", "{4EF0DF67-CDA3-496D-9829-DF94214993A4}"
EndProject
Global
	GlobalSection(SolutionConfigurationPlatforms) = preSolution
		Debug|Any CPU = Debug|Any CPU
		Release|Any CPU = Release|Any CPU
	EndGlobalSection
	GlobalSection(ProjectConfigurationPlatforms) = postSolution
		{4EF0DF67-CDA3-496D-9829-DF94214993A4}.Debug|Any CPU.ActiveCfg = Debug|Any CPU
		{4EF0DF67-CDA3-496D-9829-DF94214993A4}.Debug|Any CPU.Build.0 = Debug|Any CPU
		{4EF0DF67-CDA3-496D-9829-DF94214993A4}.Release|Any CPU.ActiveCfg = Release|Any CPU
		{4EF0DF67-CDA3-496D-9829-DF94214993A4}.Release|Any CPU.Build.0 = Release|Any CPU
	EndGlobalSection
	GlobalSection(SolutionProperties) = preSolution
		HideSolutionNode = FALSE
	EndGlobalSection
	GlobalSection(ExtensibilityGlobals) = postSolution
		SolutionGuid = {D6008385-3767-47F8-89C8-3FAE154AFF43}
	EndGlobalSection
EndGlobal
