
Microsoft Visual Studio Solution File, Format Version 12.00
# Visual Studio Version 17
VisualStudioVersion = 17.6.33723.286
MinimumVisualStudioVersion = 10.0.40219.1
Project("{FAE04EC0-301F-11D3-BF4B-00C04F79EFBC}") = "runningfriend", "runningfriend.csproj", "{C254287C-5741-4FA1-84E7-40FDF77DB808}"
EndProject
Global
	GlobalSection(SolutionConfigurationPlatforms) = preSolution
		Debug|Any CPU = Debug|Any CPU
		Release|Any CPU = Release|Any CPU
	EndGlobalSection
	GlobalSection(ProjectConfigurationPlatforms) = postSolution
		{C254287C-5741-4FA1-84E7-40FDF77DB808}.Debug|Any CPU.ActiveCfg = Debug|Any CPU
		{C254287C-5741-4FA1-84E7-40FDF77DB808}.Debug|Any CPU.Build.0 = Debug|Any CPU
		{C254287C-5741-4FA1-84E7-40FDF77DB808}.Release|Any CPU.ActiveCfg = Release|Any CPU
		{C254287C-5741-4FA1-84E7-40FDF77DB808}.Release|Any CPU.Build.0 = Release|Any CPU
	EndGlobalSection
	GlobalSection(SolutionProperties) = preSolution
		HideSolutionNode = FALSE
	EndGlobalSection
	GlobalSection(ExtensibilityGlobals) = postSolution
		SolutionGuid = {CD8E6B59-A0EC-4177-95C5-F02F58A141A6}
	EndGlobalSection
EndGlobal
